
Microsoft Visual Studio Solution File, Format Version 12.00
Project("{FAE04EC0-301F-11D3-BF4B-00C04F79EFBC}") = "LaddGenerator", ".\LaddGenerator\LaddGenerator.csproj", "{D452A77C-D639-4376-8372-BA5B8AC67CF4}"
EndProject
Project("{FAE04EC0-301F-11D3-BF4B-00C04F79EFBC}") = "LaddValidator", ".\LaddValidator\LaddValidator.csproj", "{C9A6B61C-8F39-4A32-BDA0-6C248153448E}"
EndProject
Global
	GlobalSection(SolutionConfigurationPlatforms) = preSolution
		Debug|Any CPU = Debug|Any CPU
		Release|Any CPU = Release|Any CPU
	EndGlobalSection
	GlobalSection(ProjectConfigurationPlatforms) = postSolution
		{D452A77C-D639-4376-8372-BA5B8AC67CF4}.Debug|Any CPU.ActiveCfg = Debug|Any CPU
		{D452A77C-D639-4376-8372-BA5B8AC67CF4}.Debug|Any CPU.Build.0 = Debug|Any CPU
		{D452A77C-D639-4376-8372-BA5B8AC67CF4}.Release|Any CPU.ActiveCfg = Release|Any CPU
		{D452A77C-D639-4376-8372-BA5B8AC67CF4}.Release|Any CPU.Build.0 = Release|Any CPU
		{2C83E9CE-CD86-4B8F-AC3A-60CB7ACB9F07}.Debug|Any CPU.ActiveCfg = Debug|Any CPU
		{2C83E9CE-CD86-4B8F-AC3A-60CB7ACB9F07}.Debug|Any CPU.Build.0 = Debug|Any CPU
		{2C83E9CE-CD86-4B8F-AC3A-60CB7ACB9F07}.Release|Any CPU.ActiveCfg = Release|Any CPU
		{2C83E9CE-CD86-4B8F-AC3A-60CB7ACB9F07}.Release|Any CPU.Build.0 = Release|Any CPU
		{C9A6B61C-8F39-4A32-BDA0-6C248153448E}.Debug|Any CPU.ActiveCfg = Debug|Any CPU
		{C9A6B61C-8F39-4A32-BDA0-6C248153448E}.Debug|Any CPU.Build.0 = Debug|Any CPU
		{C9A6B61C-8F39-4A32-BDA0-6C248153448E}.Release|Any CPU.ActiveCfg = Release|Any CPU
		{C9A6B61C-8F39-4A32-BDA0-6C248153448E}.Release|Any CPU.Build.0 = Release|Any CPU
	EndGlobalSection
EndGlobal
